{
  "name": "dataplanet",
  "lockfileVersion": 3,
  "requires": true,
  "packages": {
    "": {
      "dependencies": {
        "next": "^13.4.9",
        "react": "^18.2.0",
        "react-dom": "^18.2.0",
        "react-tsparticles": "^2.10.1",
        "tsparticles": "^2.11.0"
      }
    },
    "node_modules/@next/env": {
      "version": "13.4.9",
      "resolved": "https://registry.npmjs.org/@next/env/-/env-13.4.9.tgz",
      "integrity": "sha512-vuDRK05BOKfmoBYLNi2cujG2jrYbEod/ubSSyqgmEx9n/W3eZaJQdRNhTfumO+qmq/QTzLurW487n/PM/fHOkw=="
    },
    "node_modules/@next/swc-darwin-arm64": {
      "version": "13.4.9",
      "resolved": "https://registry.npmjs.org/@next/swc-darwin-arm64/-/swc-darwin-arm64-13.4.9.tgz",
      "integrity": "sha512-TVzGHpZoVBk3iDsTOQA/R6MGmFp0+17SWXMEWd6zG30AfuELmSSMe2SdPqxwXU0gbpWkJL1KgfLzy5ReN0crqQ==",
      "cpu": [
        "arm64"
      ],
      "optional": true,
      "os": [
        "darwin"
      ],
      "engines": {
        "node": ">= 10"
      }
    },
    "node_modules/@next/swc-darwin-x64": {
      "version": "13.4.9",
      "resolved": "https://registry.npmjs.org/@next/swc-darwin-x64/-/swc-darwin-x64-13.4.9.tgz",
      "integrity": "sha512-aSfF1fhv28N2e7vrDZ6zOQ+IIthocfaxuMWGReB5GDriF0caTqtHttAvzOMgJgXQtQx6XhyaJMozLTSEXeNN+A==",
      "cpu": [
        "x64"
      ],
      "optional": true,
      "os": [
        "darwin"
      ],
      "engines": {
        "node": ">= 10"
      }
    },
    "node_modules/@next/swc-linux-arm64-gnu": {
      "version": "13.4.9",
      "resolved": "https://registry.npmjs.org/@next/swc-linux-arm64-gnu/-/swc-linux-arm64-gnu-13.4.9.tgz",
      "integrity": "sha512-JhKoX5ECzYoTVyIy/7KykeO4Z2lVKq7HGQqvAH+Ip9UFn1MOJkOnkPRB7v4nmzqAoY+Je05Aj5wNABR1N18DMg==",
      "cpu": [
        "arm64"
      ],
      "optional": true,
      "os": [
        "linux"
      ],
      "engines": {
        "node": ">= 10"
      }
    },
    "node_modules/@next/swc-linux-arm64-musl": {
      "version": "13.4.9",
      "resolved": "https://registry.npmjs.org/@next/swc-linux-arm64-musl/-/swc-linux-arm64-musl-13.4.9.tgz",
      "integrity": "sha512-OOn6zZBIVkm/4j5gkPdGn4yqQt+gmXaLaSjRSO434WplV8vo2YaBNbSHaTM9wJpZTHVDYyjzuIYVEzy9/5RVZw==",
      "cpu": [
        "arm64"
      ],
      "optional": true,
      "os": [
        "linux"
      ],
      "engines": {
        "node": ">= 10"
      }
    },
    "node_modules/@next/swc-linux-x64-gnu": {
      "version": "13.4.9",
      "resolved": "https://registry.npmjs.org/@next/swc-linux-x64-gnu/-/swc-linux-x64-gnu-13.4.9.tgz",
      "integrity": "sha512-iA+fJXFPpW0SwGmx/pivVU+2t4zQHNOOAr5T378PfxPHY6JtjV6/0s1vlAJUdIHeVpX98CLp9k5VuKgxiRHUpg==",
      "cpu": [
        "x64"
      ],
      "optional": true,
      "os": [
        "linux"
      ],
      "engines": {
        "node": ">= 10"
      }
    },
    "node_modules/@next/swc-linux-x64-musl": {
      "version": "13.4.9",
      "resolved": "https://registry.npmjs.org/@next/swc-linux-x64-musl/-/swc-linux-x64-musl-13.4.9.tgz",
      "integrity": "sha512-rlNf2WUtMM+GAQrZ9gMNdSapkVi3koSW3a+dmBVp42lfugWVvnyzca/xJlN48/7AGx8qu62WyO0ya1ikgOxh6A==",
      "cpu": [
        "x64"
      ],
      "optional": true,
      "os": [
        "linux"
      ],
      "engines": {
        "node": ">= 10"
      }
    },
    "node_modules/@next/swc-win32-arm64-msvc": {
      "version": "13.4.9",
      "resolved": "https://registry.npmjs.org/@next/swc-win32-arm64-msvc/-/swc-win32-arm64-msvc-13.4.9.tgz",
      "integrity": "sha512-5T9ybSugXP77nw03vlgKZxD99AFTHaX8eT1ayKYYnGO9nmYhJjRPxcjU5FyYI+TdkQgEpIcH7p/guPLPR0EbKA==",
      "cpu": [
        "arm64"
      ],
      "optional": true,
      "os": [
        "win32"
      ],
      "engines": {
        "node": ">= 10"
      }
    },
    "node_modules/@next/swc-win32-ia32-msvc": {
      "version": "13.4.9",
      "resolved": "https://registry.npmjs.org/@next/swc-win32-ia32-msvc/-/swc-win32-ia32-msvc-13.4.9.tgz",
      "integrity": "sha512-ojZTCt1lP2ucgpoiFgrFj07uq4CZsq4crVXpLGgQfoFq00jPKRPgesuGPaz8lg1yLfvafkU3Jd1i8snKwYR3LA==",
      "cpu": [
        "ia32"
      ],
      "optional": true,
      "os": [
        "win32"
      ],
      "engines": {
        "node": ">= 10"
      }
    },
    "node_modules/@next/swc-win32-x64-msvc": {
      "version": "13.4.9",
      "resolved": "https://registry.npmjs.org/@next/swc-win32-x64-msvc/-/swc-win32-x64-msvc-13.4.9.tgz",
      "integrity": "sha512-QbT03FXRNdpuL+e9pLnu+XajZdm/TtIXVYY4lA9t+9l0fLZbHXDYEKitAqxrOj37o3Vx5ufxiRAniaIebYDCgw==",
      "cpu": [
        "x64"
      ],
      "optional": true,
      "os": [
        "win32"
      ],
      "engines": {
        "node": ">= 10"
      }
    },
    "node_modules/@swc/helpers": {
      "version": "0.5.1",
      "resolved": "https://registry.npmjs.org/@swc/helpers/-/helpers-0.5.1.tgz",
      "integrity": "sha512-sJ902EfIzn1Fa+qYmjdQqh8tPsoxyBz+8yBKC2HKUxyezKJFwPGOn7pv4WY6QuQW//ySQi5lJjA/ZT9sNWWNTg==",
      "dependencies": {
        "tslib": "^2.4.0"
      }
    },
    "node_modules/busboy": {
      "version": "1.6.0",
      "resolved": "https://registry.npmjs.org/busboy/-/busboy-1.6.0.tgz",
      "integrity": "sha512-8SFQbg/0hQ9xy3UNTB0YEnsNBbWfhf7RtnzpL7TkBiTBRfrQ9Fxcnz7VJsleJpyp6rVLvXiuORqjlHi5q+PYuA==",
      "dependencies": {
        "streamsearch": "^1.1.0"
      },
      "engines": {
        "node": ">=10.16.0"
      }
    },
    "node_modules/caniuse-lite": {
      "version": "1.0.30001514",
      "resolved": "https://registry.npmjs.org/caniuse-lite/-/caniuse-lite-1.0.30001514.tgz",
      "integrity": "sha512-ENcIpYBmwAAOm/V2cXgM7rZUrKKaqisZl4ZAI520FIkqGXUxJjmaIssbRW5HVVR5tyV6ygTLIm15aU8LUmQSaQ==",
      "funding": [
        {
          "type": "opencollective",
          "url": "https://opencollective.com/browserslist"
        },
        {
          "type": "tidelift",
          "url": "https://tidelift.com/funding/github/npm/caniuse-lite"
        },
        {
          "type": "github",
          "url": "https://github.com/sponsors/ai"
        }
      ]
    },
    "node_modules/client-only": {
      "version": "0.0.1",
      "resolved": "https://registry.npmjs.org/client-only/-/client-only-0.0.1.tgz",
      "integrity": "sha512-IV3Ou0jSMzZrd3pZ48nLkT9DA7Ag1pnPzaiQhpW7c3RbcqqzvzzVu+L8gfqMp/8IM2MQtSiqaCxrrcfu8I8rMA=="
    },
    "node_modules/deep-eql": {
      "version": "4.1.3",
      "resolved": "https://registry.npmjs.org/deep-eql/-/deep-eql-4.1.3.tgz",
      "integrity": "sha512-WaEtAOpRA1MQ0eohqZjpGD8zdI0Ovsm8mmFhaDN8dvDZzyoUMcYDnf5Y6iu7HTXxf8JDS23qWa4a+hKCDyOPzw==",
      "dependencies": {
        "type-detect": "^4.0.0"
      },
      "engines": {
        "node": ">=6"
      }
    },
    "node_modules/glob-to-regexp": {
      "version": "0.4.1",
      "resolved": "https://registry.npmjs.org/glob-to-regexp/-/glob-to-regexp-0.4.1.tgz",
      "integrity": "sha512-lkX1HJXwyMcprw/5YUZc2s7DrpAiHB21/V+E1rHUrVNokkvB6bqMzT0VfV6/86ZNabt1k14YOIaT7nDvOX3Iiw=="
    },
    "node_modules/graceful-fs": {
      "version": "4.2.11",
      "resolved": "https://registry.npmjs.org/graceful-fs/-/graceful-fs-4.2.11.tgz",
      "integrity": "sha512-RbJ5/jmFcNNCcDV5o9eTnBLJ/HszWV0P73bc+Ff4nS/rJj+YaS6IGyiOL0VoBYX+l1Wrl3k63h/KrH+nhJ0XvQ=="
    },
    "node_modules/js-tokens": {
      "version": "4.0.0",
      "resolved": "https://registry.npmjs.org/js-tokens/-/js-tokens-4.0.0.tgz",
      "integrity": "sha512-RdJUflcE3cUzKiMqQgsCu06FPu9UdIJO0beYbPhHN4k6apgJtifcoCtT9bcxOpYBtpD2kCM6Sbzg4CausW/PKQ=="
    },
    "node_modules/loose-envify": {
      "version": "1.4.0",
      "resolved": "https://registry.npmjs.org/loose-envify/-/loose-envify-1.4.0.tgz",
      "integrity": "sha512-lyuxPGr/Wfhrlem2CL/UcnUc1zcqKAImBDzukY7Y5F/yQiNdko6+fRLevlw1HgMySw7f611UIY408EtxRSoK3Q==",
      "dependencies": {
        "js-tokens": "^3.0.0 || ^4.0.0"
      },
      "bin": {
        "loose-envify": "cli.js"
      }
    },
    "node_modules/nanoid": {
      "version": "3.3.6",
      "resolved": "https://registry.npmjs.org/nanoid/-/nanoid-3.3.6.tgz",
      "integrity": "sha512-BGcqMMJuToF7i1rt+2PWSNVnWIkGCU78jBG3RxO/bZlnZPK2Cmi2QaffxGO/2RvWi9sL+FAiRiXMgsyxQ1DIDA==",
      "funding": [
        {
          "type": "github",
          "url": "https://github.com/sponsors/ai"
        }
      ],
      "bin": {
        "nanoid": "bin/nanoid.cjs"
      },
      "engines": {
        "node": "^10 || ^12 || ^13.7 || ^14 || >=15.0.1"
      }
    },
    "node_modules/next": {
      "version": "13.4.9",
      "resolved": "https://registry.npmjs.org/next/-/next-13.4.9.tgz",
      "integrity": "sha512-vtefFm/BWIi/eWOqf1GsmKG3cjKw1k3LjuefKRcL3iiLl3zWzFdPG3as6xtxrGO6gwTzzaO1ktL4oiHt/uvTjA==",
      "dependencies": {
        "@next/env": "13.4.9",
        "@swc/helpers": "0.5.1",
        "busboy": "1.6.0",
        "caniuse-lite": "^1.0.30001406",
        "postcss": "8.4.14",
        "styled-jsx": "5.1.1",
        "watchpack": "2.4.0",
        "zod": "3.21.4"
      },
      "bin": {
        "next": "dist/bin/next"
      },
      "engines": {
        "node": ">=16.8.0"
      },
      "optionalDependencies": {
        "@next/swc-darwin-arm64": "13.4.9",
        "@next/swc-darwin-x64": "13.4.9",
        "@next/swc-linux-arm64-gnu": "13.4.9",
        "@next/swc-linux-arm64-musl": "13.4.9",
        "@next/swc-linux-x64-gnu": "13.4.9",
        "@next/swc-linux-x64-musl": "13.4.9",
        "@next/swc-win32-arm64-msvc": "13.4.9",
        "@next/swc-win32-ia32-msvc": "13.4.9",
        "@next/swc-win32-x64-msvc": "13.4.9"
      },
      "peerDependencies": {
        "@opentelemetry/api": "^1.1.0",
        "fibers": ">= 3.1.0",
        "react": "^18.2.0",
        "react-dom": "^18.2.0",
        "sass": "^1.3.0"
      },
      "peerDependenciesMeta": {
        "@opentelemetry/api": {
          "optional": true
        },
        "fibers": {
          "optional": true
        },
        "sass": {
          "optional": true
        }
      }
    },
    "node_modules/picocolors": {
      "version": "1.0.0",
      "resolved": "https://registry.npmjs.org/picocolors/-/picocolors-1.0.0.tgz",
      "integrity": "sha512-1fygroTLlHu66zi26VoTDv8yRgm0Fccecssto+MhsZ0D/DGW2sm8E8AjW7NU5VVTRt5GxbeZ5qBuJr+HyLYkjQ=="
    },
    "node_modules/postcss": {
      "version": "8.4.14",
      "resolved": "https://registry.npmjs.org/postcss/-/postcss-8.4.14.tgz",
      "integrity": "sha512-E398TUmfAYFPBSdzgeieK2Y1+1cpdxJx8yXbK/m57nRhKSmk1GB2tO4lbLBtlkfPQTDKfe4Xqv1ASWPpayPEig==",
      "funding": [
        {
          "type": "opencollective",
          "url": "https://opencollective.com/postcss/"
        },
        {
          "type": "tidelift",
          "url": "https://tidelift.com/funding/github/npm/postcss"
        }
      ],
      "dependencies": {
        "nanoid": "^3.3.4",
        "picocolors": "^1.0.0",
        "source-map-js": "^1.0.2"
      },
      "engines": {
        "node": "^10 || ^12 || >=14"
      }
    },
    "node_modules/react": {
      "version": "18.2.0",
      "resolved": "https://registry.npmjs.org/react/-/react-18.2.0.tgz",
      "integrity": "sha512-/3IjMdb2L9QbBdWiW5e3P2/npwMBaU9mHCSCUzNln0ZCYbcfTsGbTJrU/kGemdH2IWmB2ioZ+zkxtmq6g09fGQ==",
      "dependencies": {
        "loose-envify": "^1.1.0"
      },
      "engines": {
        "node": ">=0.10.0"
      }
    },
    "node_modules/react-dom": {
      "version": "18.2.0",
      "resolved": "https://registry.npmjs.org/react-dom/-/react-dom-18.2.0.tgz",
      "integrity": "sha512-6IMTriUmvsjHUjNtEDudZfuDQUoWXVxKHhlEGSk81n4YFS+r/Kl99wXiwlVXtPBtJenozv2P+hxDsw9eA7Xo6g==",
      "dependencies": {
        "loose-envify": "^1.1.0",
        "scheduler": "^0.23.0"
      },
      "peerDependencies": {
        "react": "^18.2.0"
      }
    },
    "node_modules/react-tsparticles": {
      "version": "2.10.1",
      "resolved": "https://registry.npmjs.org/react-tsparticles/-/react-tsparticles-2.10.1.tgz",
      "integrity": "sha512-l/xzw9ZOV9M0WJTsZh6AE0SQ9gqZCeGpLsKdm5rr6qWk1DEOd/szbQca3DQENTjQNXXwqZZjKuoAOomnLlRvuA==",
      "funding": [
        {
          "type": "github",
          "url": "https://github.com/sponsors/matteobruni"
        },
        {
          "type": "github",
          "url": "https://github.com/sponsors/tsparticles"
        },
        {
          "type": "buymeacoffee",
          "url": "https://www.buymeacoffee.com/matteobruni"
        }
      ],
      "hasInstallScript": true,
      "dependencies": {
        "deep-eql": "^4.1.3",
        "tsparticles-engine": "^2.10.1"
      },
      "peerDependencies": {
        "react": ">=16"
      }
    },
    "node_modules/scheduler": {
      "version": "0.23.0",
      "resolved": "https://registry.npmjs.org/scheduler/-/scheduler-0.23.0.tgz",
      "integrity": "sha512-CtuThmgHNg7zIZWAXi3AsyIzA3n4xx7aNyjwC2VJldO2LMVDhFK+63xGqq6CsJH4rTAt6/M+N4GhZiDYPx9eUw==",
      "dependencies": {
        "loose-envify": "^1.1.0"
      }
    },
    "node_modules/source-map-js": {
      "version": "1.0.2",
      "resolved": "https://registry.npmjs.org/source-map-js/-/source-map-js-1.0.2.tgz",
      "integrity": "sha512-R0XvVJ9WusLiqTCEiGCmICCMplcCkIwwR11mOSD9CR5u+IXYdiseeEuXCVAjS54zqwkLcPNnmU4OeJ6tUrWhDw==",
      "engines": {
        "node": ">=0.10.0"
      }
    },
    "node_modules/streamsearch": {
      "version": "1.1.0",
      "resolved": "https://registry.npmjs.org/streamsearch/-/streamsearch-1.1.0.tgz",
      "integrity": "sha512-Mcc5wHehp9aXz1ax6bZUyY5afg9u2rv5cqQI3mRrYkGC8rW2hM02jWuwjtL++LS5qinSyhj2QfLyNsuc+VsExg==",
      "engines": {
        "node": ">=10.0.0"
      }
    },
    "node_modules/styled-jsx": {
      "version": "5.1.1",
      "resolved": "https://registry.npmjs.org/styled-jsx/-/styled-jsx-5.1.1.tgz",
      "integrity": "sha512-pW7uC1l4mBZ8ugbiZrcIsiIvVx1UmTfw7UkC3Um2tmfUq9Bhk8IiyEIPl6F8agHgjzku6j0xQEZbfA5uSgSaCw==",
      "dependencies": {
        "client-only": "0.0.1"
      },
      "engines": {
        "node": ">= 12.0.0"
      },
      "peerDependencies": {
        "react": ">= 16.8.0 || 17.x.x || ^18.0.0-0"
      },
      "peerDependenciesMeta": {
        "@babel/core": {
          "optional": true
        },
        "babel-plugin-macros": {
          "optional": true
        }
      }
    },
    "node_modules/tslib": {
      "version": "2.6.0",
      "resolved": "https://registry.npmjs.org/tslib/-/tslib-2.6.0.tgz",
      "integrity": "sha512-7At1WUettjcSRHXCyYtTselblcHl9PJFFVKiCAy/bY97+BPZXSQ2wbq0P9s8tK2G7dFQfNnlJnPAiArVBVBsfA=="
    },
    "node_modules/tsparticles": {
      "version": "2.11.0",
      "resolved": "https://registry.npmjs.org/tsparticles/-/tsparticles-2.11.0.tgz",
      "integrity": "sha512-fjDA/pBMS6lpAIrRXYXxoCn3RMBASmCXLELZWEpTzRGmH78CdiGPM509MX8gzCDdLKV1MEifkCQvSTXnnzpFeA==",
      "funding": [
        {
          "type": "github",
          "url": "https://github.com/sponsors/matteobruni"
        },
        {
          "type": "github",
          "url": "https://github.com/sponsors/tsparticles"
        },
        {
          "type": "buymeacoffee",
          "url": "https://www.buymeacoffee.com/matteobruni"
        }
      ],
      "dependencies": {
        "tsparticles-engine": "^2.11.0",
        "tsparticles-interaction-external-trail": "^2.11.0",
        "tsparticles-plugin-absorbers": "^2.11.0",
        "tsparticles-plugin-emitters": "^2.11.0",
        "tsparticles-slim": "^2.11.0",
        "tsparticles-updater-destroy": "^2.11.0",
        "tsparticles-updater-roll": "^2.11.0",
        "tsparticles-updater-tilt": "^2.11.0",
        "tsparticles-updater-twinkle": "^2.11.0",
        "tsparticles-updater-wobble": "^2.11.0"
      }
    },
    "node_modules/tsparticles-engine": {
      "version": "2.11.0",
      "resolved": "https://registry.npmjs.org/tsparticles-engine/-/tsparticles-engine-2.11.0.tgz",
      "integrity": "sha512-kL6aV/6TPNF3jU6ni8jBGSVdnXAvxaeGsFalR4h+L3uMPlmbRKVs/QSnG3shwWGdWJuFmPSmXC8nI1OIWCUYpA==",
      "funding": [
        {
          "type": "github",
          "url": "https://github.com/sponsors/matteobruni"
        },
        {
          "type": "github",
          "url": "https://github.com/sponsors/tsparticles"
        },
        {
          "type": "buymeacoffee",
          "url": "https://www.buymeacoffee.com/matteobruni"
        }
      ],
      "hasInstallScript": true
    },
    "node_modules/tsparticles-interaction-external-attract": {
      "version": "2.11.0",
      "resolved": "https://registry.npmjs.org/tsparticles-interaction-external-attract/-/tsparticles-interaction-external-attract-2.11.0.tgz",
      "integrity": "sha512-CU2LFiWKHsSxRIzZfPOUP/Gu3kw/ESiAD1KZf53hBVeXT5sgpyRDpT/bHxTCVkNAIOMktj2rRNkKPE4Pc92iMA==",
      "dependencies": {
        "tsparticles-engine": "^2.11.0"
      }
    },
    "node_modules/tsparticles-interaction-external-bounce": {
      "version": "2.11.0",
      "resolved": "https://registry.npmjs.org/tsparticles-interaction-external-bounce/-/tsparticles-interaction-external-bounce-2.11.0.tgz",
      "integrity": "sha512-l/byD1UCtRB3Xr29YT1OMRokKD7UPh/COINfoKPtey5qy8Vw7YjDRZUB5RYcoQZqlCHIvJQCV9avNbZS8N/1Gg==",
      "dependencies": {
        "tsparticles-engine": "^2.11.0"
      }
    },
    "node_modules/tsparticles-interaction-external-bubble": {
      "version": "2.11.0",
      "resolved": "https://registry.npmjs.org/tsparticles-interaction-external-bubble/-/tsparticles-interaction-external-bubble-2.11.0.tgz",
      "integrity": "sha512-Kwi40kfoRziHKfnS4zJFXbN37nFDV1Uw+MklVw5BJ9AZHW2vqzhlQm+Yfpetkm2U57l53JQM+PCt+WGEhxEsVA==",
      "dependencies": {
        "tsparticles-engine": "^2.11.0"
      }
    },
    "node_modules/tsparticles-interaction-external-connect": {
      "version": "2.11.0",
      "resolved": "https://registry.npmjs.org/tsparticles-interaction-external-connect/-/tsparticles-interaction-external-connect-2.11.0.tgz",
      "integrity": "sha512-t6l51GR5tOESJy8+Uu7LbTbuWVvkxyXaqUz7E8Bm3ZJ1BdMANn9OqwZmND4I1OdOxtBEoovCkQfj7gTckd9tzQ==",
      "dependencies": {
        "tsparticles-engine": "^2.11.0"
      }
    },
    "node_modules/tsparticles-interaction-external-grab": {
      "version": "2.11.0",
      "resolved": "https://registry.npmjs.org/tsparticles-interaction-external-grab/-/tsparticles-interaction-external-grab-2.11.0.tgz",
      "integrity": "sha512-WNP42GGoM+x48mTHTjrEbhmxA97WRnlAyhWe01D4XyIhqqvGLv9a0RfKG+n1Ez6WM4uBjww/Q7+G3lqxbQhCMw==",
      "dependencies": {
        "tsparticles-engine": "^2.11.0"
      }
    },
    "node_modules/tsparticles-interaction-external-pause": {
      "version": "2.11.0",
      "resolved": "https://registry.npmjs.org/tsparticles-interaction-external-pause/-/tsparticles-interaction-external-pause-2.11.0.tgz",
      "integrity": "sha512-MFjGFG8waQtqPLd11pJ0VHM70Wl9GqahOtc/CbHbyf103wQCncHK4z5HMYomXGGZWu2EJy2D4teQTxo0AGhCtA==",
      "dependencies": {
        "tsparticles-engine": "^2.11.0"
      }
    },
    "node_modules/tsparticles-interaction-external-push": {
      "version": "2.11.0",
      "resolved": "https://registry.npmjs.org/tsparticles-interaction-external-push/-/tsparticles-interaction-external-push-2.11.0.tgz",
      "integrity": "sha512-dI+8gsKS8Fgj/sxbjwLYRxSiOWaNU5t/FtufTBs1srjtp9X+PhkWM7Ry2GlzcROKbn4iayWNa355frEMMy9UDg==",
      "dependencies": {
        "tsparticles-engine": "^2.11.0"
      }
    },
    "node_modules/tsparticles-interaction-external-remove": {
      "version": "2.11.0",
      "resolved": "https://registry.npmjs.org/tsparticles-interaction-external-remove/-/tsparticles-interaction-external-remove-2.11.0.tgz",
      "integrity": "sha512-hGs/XlD16U8wC9MBsCHcJXNAW9XGu/+Ch/zyojAx6hQm/PVxoTc2J7iRFEn84TcpNxvsri7wGYLHxa+K0cGeNg==",
      "dependencies": {
        "tsparticles-engine": "^2.11.0"
      }
    },
    "node_modules/tsparticles-interaction-external-repulse": {
      "version": "2.11.0",
      "resolved": "https://registry.npmjs.org/tsparticles-interaction-external-repulse/-/tsparticles-interaction-external-repulse-2.11.0.tgz",
      "integrity": "sha512-FJZmve2DzuB8akyUJpNW8XtdxeQ3MlK7p8rX2NMHPKCaN3tR4O2poDhky8GU5TTKvnHjgBhlWenGyzSE9MS9ig==",
      "dependencies": {
        "tsparticles-engine": "^2.11.0"
      }
    },
    "node_modules/tsparticles-interaction-external-slow": {
      "version": "2.11.0",
      "resolved": "https://registry.npmjs.org/tsparticles-interaction-external-slow/-/tsparticles-interaction-external-slow-2.11.0.tgz",
      "integrity": "sha512-uSxpItdNwx8UTWiK9XaFJeZiXR6U8RFkNmoloWt4792n2JRtME6qgy0nvZmKRZ4GhSybyWYo4Qhvc5TWc0FpuQ==",
      "dependencies": {
        "tsparticles-engine": "^2.11.0"
      }
    },
    "node_modules/tsparticles-interaction-external-trail": {
      "version": "2.11.0",
      "resolved": "https://registry.npmjs.org/tsparticles-interaction-external-trail/-/tsparticles-interaction-external-trail-2.11.0.tgz",
      "integrity": "sha512-gDL40Daq7bbhmtmqmXP4HarRNERxC+mm2g1JzX0jlaNb85jqSJjP4/xIO09f3Jpezz14io1+OEkQcl8snmmFxg==",
      "dependencies": {
        "tsparticles-engine": "^2.11.0"
      }
    },
    "node_modules/tsparticles-interaction-particles-attract": {
      "version": "2.11.0",
      "resolved": "https://registry.npmjs.org/tsparticles-interaction-particles-attract/-/tsparticles-interaction-particles-attract-2.11.0.tgz",
      "integrity": "sha512-zIo2n9XWBFnvcQS+aTUiXbs6AgE+DtR02nMgoozg9+OB8woE+Xbz20tXRM09awjQ+EQHjBk5RZEsAUbftyIafg==",
      "dependencies": {
        "tsparticles-engine": "^2.11.0"
      }
    },
    "node_modules/tsparticles-interaction-particles-collisions": {
      "version": "2.11.0",
      "resolved": "https://registry.npmjs.org/tsparticles-interaction-particles-collisions/-/tsparticles-interaction-particles-collisions-2.11.0.tgz",
      "integrity": "sha512-AYIV5Yvad1uVq8YwEo2XWshknO1tx7CEzgvYRbGTk0hZrSIqpcJ4Xi95ZXd+V7VEfvXRAmxX4TUwzRASK3LBCA==",
      "dependencies": {
        "tsparticles-engine": "^2.11.0"
      }
    },
    "node_modules/tsparticles-interaction-particles-links": {
      "version": "2.11.0",
      "resolved": "https://registry.npmjs.org/tsparticles-interaction-particles-links/-/tsparticles-interaction-particles-links-2.11.0.tgz",
      "integrity": "sha512-Id3pV/d5tJZa15kxesgw1KjfnMxxrDSmRIx/67HntMJQLBVhwsNuivs6UnoSOjcOnsBFBnUXRf+lvJ9rs6ZuFg==",
      "dependencies": {
        "tsparticles-engine": "^2.11.0"
      }
    },
    "node_modules/tsparticles-move-base": {
      "version": "2.11.0",
      "resolved": "https://registry.npmjs.org/tsparticles-move-base/-/tsparticles-move-base-2.11.0.tgz",
      "integrity": "sha512-+nIlZkXaT2YJ3pJtlXoZGM34RnA/ZRVzagZ4sY8gUIZtWToWl10aRYtmYErqkfTlnHlrty4GxbkgKksASSdaBQ==",
      "dependencies": {
        "tsparticles-engine": "^2.11.0"
      }
    },
    "node_modules/tsparticles-move-parallax": {
      "version": "2.11.0",
      "resolved": "https://registry.npmjs.org/tsparticles-move-parallax/-/tsparticles-move-parallax-2.11.0.tgz",
      "integrity": "sha512-E7eFQvTUwTW0MBu0HutBbmzhoGgKx7MnGEEpX258er2ueawoJOgp3wgCoOPTH++4kugcCuBYxtW2J/8JloUYWw==",
      "dependencies": {
        "tsparticles-engine": "^2.11.0"
      }
    },
    "node_modules/tsparticles-particles.js": {
      "version": "2.11.0",
      "resolved": "https://registry.npmjs.org/tsparticles-particles.js/-/tsparticles-particles.js-2.11.0.tgz",
      "integrity": "sha512-xtaZNsrZ+uNXtxtuLKl4uWdTI1b43KwhKsC2GU+sosTTurvXo5DW3DkIsUCOEveqf1EB/rXc6fc2eBodmdaGqQ==",
      "funding": [
        {
          "type": "github",
          "url": "https://github.com/sponsors/matteobruni"
        },
        {
          "type": "github",
          "url": "https://github.com/sponsors/tsparticles"
        },
        {
          "type": "buymeacoffee",
          "url": "https://www.buymeacoffee.com/matteobruni"
        }
      ],
      "dependencies": {
        "tsparticles-engine": "^2.11.0"
      }
    },
    "node_modules/tsparticles-plugin-absorbers": {
      "version": "2.11.0",
      "resolved": "https://registry.npmjs.org/tsparticles-plugin-absorbers/-/tsparticles-plugin-absorbers-2.11.0.tgz",
      "integrity": "sha512-jScdKwgxgshkuNv6UmEIIWfIx88K2c264f9ZcoQm3iYbObzZ7tcGls9SSYx04WMcMp5l6+hPu3kqrZuM4KlYbQ==",
      "dependencies": {
        "tsparticles-engine": "^2.11.0"
      }
    },
    "node_modules/tsparticles-plugin-easing-quad": {
      "version": "2.11.0",
      "resolved": "https://registry.npmjs.org/tsparticles-plugin-easing-quad/-/tsparticles-plugin-easing-quad-2.11.0.tgz",
      "integrity": "sha512-peIPnxIYZn4sViWS/ElV9T08EXdXbmHuVLvXNURkYuCavgUXOUzP3PLqEdEXEEgCmUgZa6BwVAphgdYJVauraQ==",
      "funding": [
        {
          "type": "github",
          "url": "https://github.com/sponsors/matteobruni"
        },
        {
          "type": "github",
          "url": "https://github.com/sponsors/tsparticles"
        },
        {
          "type": "buymeacoffee",
          "url": "https://www.buymeacoffee.com/matteobruni"
        }
      ],
      "dependencies": {
        "tsparticles-engine": "^2.11.0"
      }
    },
    "node_modules/tsparticles-plugin-emitters": {
      "version": "2.11.0",
      "resolved": "https://registry.npmjs.org/tsparticles-plugin-emitters/-/tsparticles-plugin-emitters-2.11.0.tgz",
      "integrity": "sha512-j+L6fCcxzulChzpo1Sv1B6pe/zZpbhB0HTvdhcIvv/ahpvVOwUwqyjD6qiMJqeUv1NeS9ojp+6vJFPVSyWIGGQ==",
      "dependencies": {
        "tsparticles-engine": "^2.11.0"
      }
    },
    "node_modules/tsparticles-shape-circle": {
      "version": "2.11.0",
      "resolved": "https://registry.npmjs.org/tsparticles-shape-circle/-/tsparticles-shape-circle-2.11.0.tgz",
      "integrity": "sha512-13+fd6Ge2Wgf9U2wHGNjoKqRJ2vTuSU9AGdzbnpkJ47LN2/SQXYgvVhdKrD5W0l03P0uC9oOVarS3pnWNNkkcg==",
      "dependencies": {
        "tsparticles-engine": "^2.11.0"
      }
    },
    "node_modules/tsparticles-shape-image": {
      "version": "2.11.0",
      "resolved": "https://registry.npmjs.org/tsparticles-shape-image/-/tsparticles-shape-image-2.11.0.tgz",
      "integrity": "sha512-Zto29AN8oUQ1ke5a/E6DPLerEDyaYjy4SFP2yhlPvFSfebk85pg2x9BQimx92aBYMuCtNZIeiTiAXo8V7ppzdw==",
      "dependencies": {
        "tsparticles-engine": "^2.11.0"
      }
    },
    "node_modules/tsparticles-shape-line": {
      "version": "2.11.0",
      "resolved": "https://registry.npmjs.org/tsparticles-shape-line/-/tsparticles-shape-line-2.11.0.tgz",
      "integrity": "sha512-o13ydAijJE368bI1ZcFV2p0F4LtmyQzZfkBjgfbwbrD7Dsm3/V5x9nLuKSZOSshqsd+P+2mFAgaVkP7VBvjBlQ==",
      "dependencies": {
        "tsparticles-engine": "^2.11.0"
      }
    },
    "node_modules/tsparticles-shape-polygon": {
      "version": "2.11.0",
      "resolved": "https://registry.npmjs.org/tsparticles-shape-polygon/-/tsparticles-shape-polygon-2.11.0.tgz",
      "integrity": "sha512-Uv4OLuAK7BXy5dn4MQdsGZ0ZqZZkfNCrjwz0FQyYeuPygJzXF3reuD2WsBgmiMYuhPbrRRkOOUZABGM3AGihPQ==",
      "dependencies": {
        "tsparticles-engine": "^2.11.0"
      }
    },
    "node_modules/tsparticles-shape-square": {
      "version": "2.11.0",
      "resolved": "https://registry.npmjs.org/tsparticles-shape-square/-/tsparticles-shape-square-2.11.0.tgz",
      "integrity": "sha512-pnIAywi/vr5V2TKd/NdeLrFOSZHQ2AxJytUYLnum6XVmQbbkVHWs+kgGLwt6CF44nmcCLZdn+7/bEGLvBovkzg==",
      "dependencies": {
        "tsparticles-engine": "^2.11.0"
      }
    },
    "node_modules/tsparticles-shape-star": {
      "version": "2.11.0",
      "resolved": "https://registry.npmjs.org/tsparticles-shape-star/-/tsparticles-shape-star-2.11.0.tgz",
      "integrity": "sha512-Odpiw8YXo2y1gZfJEEgAyj3uGfiU/q3qs43JD37W5x7wg9ZmX3jvSfIcyzElLOgEySFXX6y2PfVtMpBCiBHDog==",
      "dependencies": {
        "tsparticles-engine": "^2.11.0"
      }
    },
    "node_modules/tsparticles-shape-text": {
      "version": "2.11.0",
      "resolved": "https://registry.npmjs.org/tsparticles-shape-text/-/tsparticles-shape-text-2.11.0.tgz",
      "integrity": "sha512-OSzeykXCgh21y7WVyQ6vPzPreVPXzvVwEQL8gv9XsxGzoNchPE4wKX+p9VB0XcnAzr00ooGyPV4sV3IIr+Kryw==",
      "dependencies": {
        "tsparticles-engine": "^2.11.0"
      }
    },
    "node_modules/tsparticles-slim": {
      "version": "2.11.0",
      "resolved": "https://registry.npmjs.org/tsparticles-slim/-/tsparticles-slim-2.11.0.tgz",
      "integrity": "sha512-lKNFczTXTA/sSSdyC6DK92mK0XO5Hz7RDZNqBlVFadnJRFVYZegNTY4X2DwyQhS2CDzHAGxymk5j4DUigvNUiQ==",
      "funding": [
        {
          "type": "github",
          "url": "https://github.com/sponsors/matteobruni"
        },
        {
          "type": "github",
          "url": "https://github.com/sponsors/tsparticles"
        },
        {
          "type": "buymeacoffee",
          "url": "https://www.buymeacoffee.com/matteobruni"
        }
      ],
      "dependencies": {
        "tsparticles-engine": "^2.11.0",
        "tsparticles-interaction-external-attract": "^2.11.0",
        "tsparticles-interaction-external-bounce": "^2.11.0",
        "tsparticles-interaction-external-bubble": "^2.11.0",
        "tsparticles-interaction-external-connect": "^2.11.0",
        "tsparticles-interaction-external-grab": "^2.11.0",
        "tsparticles-interaction-external-pause": "^2.11.0",
        "tsparticles-interaction-external-push": "^2.11.0",
        "tsparticles-interaction-external-remove": "^2.11.0",
        "tsparticles-interaction-external-repulse": "^2.11.0",
        "tsparticles-interaction-external-slow": "^2.11.0",
        "tsparticles-interaction-particles-attract": "^2.11.0",
        "tsparticles-interaction-particles-collisions": "^2.11.0",
        "tsparticles-interaction-particles-links": "^2.11.0",
        "tsparticles-move-base": "^2.11.0",
        "tsparticles-move-parallax": "^2.11.0",
        "tsparticles-particles.js": "^2.11.0",
        "tsparticles-plugin-easing-quad": "^2.11.0",
        "tsparticles-shape-circle": "^2.11.0",
        "tsparticles-shape-image": "^2.11.0",
        "tsparticles-shape-line": "^2.11.0",
        "tsparticles-shape-polygon": "^2.11.0",
        "tsparticles-shape-square": "^2.11.0",
        "tsparticles-shape-star": "^2.11.0",
        "tsparticles-shape-text": "^2.11.0",
        "tsparticles-updater-color": "^2.11.0",
        "tsparticles-updater-life": "^2.11.0",
        "tsparticles-updater-opacity": "^2.11.0",
        "tsparticles-updater-out-modes": "^2.11.0",
        "tsparticles-updater-rotate": "^2.11.0",
        "tsparticles-updater-size": "^2.11.0",
        "tsparticles-updater-stroke-color": "^2.11.0"
      }
    },
    "node_modules/tsparticles-updater-color": {
      "version": "2.11.0",
      "resolved": "https://registry.npmjs.org/tsparticles-updater-color/-/tsparticles-updater-color-2.11.0.tgz",
      "integrity": "sha512-dLZqeSjD2el4Jj4f9v2JjoQa7rDydGELstEi+L69tPRwfuqAHrpkkJLcuhhm/wlpTJemDYDnzpnH0nSY9QcTrQ==",
      "dependencies": {
        "tsparticles-engine": "^2.11.0"
      }
    },
    "node_modules/tsparticles-updater-destroy": {
      "version": "2.11.0",
      "resolved": "https://registry.npmjs.org/tsparticles-updater-destroy/-/tsparticles-updater-destroy-2.11.0.tgz",
      "integrity": "sha512-10sr4wjqSOsalh0MF/x8zvi9tRTSn2LY+kh0VGQq6KH8WKp0Y84OCmLhwlG13h/fEgW47FzsjAp379FJot2nPQ==",
      "dependencies": {
        "tsparticles-engine": "^2.11.0"
      }
    },
    "node_modules/tsparticles-updater-life": {
      "version": "2.11.0",
      "resolved": "https://registry.npmjs.org/tsparticles-updater-life/-/tsparticles-updater-life-2.11.0.tgz",
      "integrity": "sha512-C3LXIwB+6I0WWq6gOzPASiJKzrsqorDJ8yRPq3fx9fO5U1fYl5ikQvMUHoehfL3RW/ZmbITnwRFFNL74Xp8/Jw==",
      "dependencies": {
        "tsparticles-engine": "^2.11.0"
      }
    },
    "node_modules/tsparticles-updater-opacity": {
      "version": "2.11.0",
      "resolved": "https://registry.npmjs.org/tsparticles-updater-opacity/-/tsparticles-updater-opacity-2.11.0.tgz",
      "integrity": "sha512-uaYm/scvcJjBTKMKyjdyDub7Dq8TZTM67MaScuxT3xTicFUtpIY5d+FWls9gkf5VROgoxmkcPQC2XTZ4/prpuw==",
      "dependencies": {
        "tsparticles-engine": "^2.11.0"
      }
    },
    "node_modules/tsparticles-updater-out-modes": {
      "version": "2.11.0",
      "resolved": "https://registry.npmjs.org/tsparticles-updater-out-modes/-/tsparticles-updater-out-modes-2.11.0.tgz",
      "integrity": "sha512-MCReTDCHqKO3/8S8jDjdVH3IGCz9+NQTWm8l2fK5icmoR4xWvj++ok+tHSdyw9oAwsAGrPLkzwzCFABRZEKswg==",
      "dependencies": {
        "tsparticles-engine": "^2.11.0"
      }
    },
    "node_modules/tsparticles-updater-roll": {
      "version": "2.11.0",
      "resolved": "https://registry.npmjs.org/tsparticles-updater-roll/-/tsparticles-updater-roll-2.11.0.tgz",
      "integrity": "sha512-KRMhutUQWXruM1Su9UMP11sFN2upFRn1jZZUxXTmXEU1IZYq3a2GgH1fOYCYtWZfoukSLx55pCUllER16vzbvQ==",
      "dependencies": {
        "tsparticles-engine": "^2.11.0"
      }
    },
    "node_modules/tsparticles-updater-rotate": {
      "version": "2.11.0",
      "resolved": "https://registry.npmjs.org/tsparticles-updater-rotate/-/tsparticles-updater-rotate-2.11.0.tgz",
      "integrity": "sha512-6mRggXdCEk1ZeypmEOEi4LP4bMflYWhN+DIGYu1+rRkzYvelFAzYBKygdeeNlPhzUAHqmmLffTzhbDALJXN5tA==",
      "dependencies": {
        "tsparticles-engine": "^2.11.0"
      }
    },
    "node_modules/tsparticles-updater-size": {
      "version": "2.11.0",
      "resolved": "https://registry.npmjs.org/tsparticles-updater-size/-/tsparticles-updater-size-2.11.0.tgz",
      "integrity": "sha512-oGsLQ9GxfSe6+kajdWgJQwCVO8dT1OO1bdUtDmmlsF2wYXKD6kGbsLhmpqijdJQsOAaZy0xojNGcNrFby8FNbA==",
      "dependencies": {
        "tsparticles-engine": "^2.11.0"
      }
    },
    "node_modules/tsparticles-updater-stroke-color": {
      "version": "2.11.0",
      "resolved": "https://registry.npmjs.org/tsparticles-updater-stroke-color/-/tsparticles-updater-stroke-color-2.11.0.tgz",
      "integrity": "sha512-wOqQPB421w0NTKenOt34/K7wQ/DCH4eaerFgVFWJZfUcDDC8gZ5uGB+wkNh5FxPzU1grzZ5ieiomsKor+vRwtQ==",
      "dependencies": {
        "tsparticles-engine": "^2.11.0"
      }
    },
    "node_modules/tsparticles-updater-tilt": {
      "version": "2.11.0",
      "resolved": "https://registry.npmjs.org/tsparticles-updater-tilt/-/tsparticles-updater-tilt-2.11.0.tgz",
      "integrity": "sha512-TqQEiu+AzxjJq0Ja6JWmuf25PBupNwZXsNQiQqMrVda82CrAdkHh60Yn3+TsdSyUDJwLbrrEwWDgYXGuHG2+Ag==",
      "dependencies": {
        "tsparticles-engine": "^2.11.0"
      }
    },
    "node_modules/tsparticles-updater-twinkle": {
      "version": "2.11.0",
      "resolved": "https://registry.npmjs.org/tsparticles-updater-twinkle/-/tsparticles-updater-twinkle-2.11.0.tgz",
      "integrity": "sha512-+IB4CygdGpOCdK/s0BG3rVPNmwiSkdsB1vWZ/A/QfsPzmShzMW1wqF1uiEBaR2i1AKXk8s7BAAnDrh2Fi7doMQ==",
      "dependencies": {
        "tsparticles-engine": "^2.11.0"
      }
    },
    "node_modules/tsparticles-updater-wobble": {
      "version": "2.11.0",
      "resolved": "https://registry.npmjs.org/tsparticles-updater-wobble/-/tsparticles-updater-wobble-2.11.0.tgz",
      "integrity": "sha512-uNeBlx6cyRwnh9jTqa8qL5WIUu7b/D4eyA2wvjYbC+baHHKE/fbFnxxTbYLN0Bvg2WMJ7YKFHgapsiLmKWOTHA==",
      "dependencies": {
        "tsparticles-engine": "^2.11.0"
      }
    },
    "node_modules/type-detect": {
      "version": "4.0.8",
      "resolved": "https://registry.npmjs.org/type-detect/-/type-detect-4.0.8.tgz",
      "integrity": "sha512-0fr/mIH1dlO+x7TlcMy+bIDqKPsw/70tVyeHW787goQjhmqaZe10uwLujubK9q9Lg6Fiho1KUKDYz0Z7k7g5/g==",
      "engines": {
        "node": ">=4"
      }
    },
    "node_modules/watchpack": {
      "version": "2.4.0",
      "resolved": "https://registry.npmjs.org/watchpack/-/watchpack-2.4.0.tgz",
      "integrity": "sha512-Lcvm7MGST/4fup+ifyKi2hjyIAwcdI4HRgtvTpIUxBRhB+RFtUh8XtDOxUfctVCnhVi+QQj49i91OyvzkJl6cg==",
      "dependencies": {
        "glob-to-regexp": "^0.4.1",
        "graceful-fs": "^4.1.2"
      },
      "engines": {
        "node": ">=10.13.0"
      }
    },
    "node_modules/zod": {
      "version": "3.21.4",
      "resolved": "https://registry.npmjs.org/zod/-/zod-3.21.4.tgz",
      "integrity": "sha512-m46AKbrzKVzOzs/DZgVnG5H55N1sv1M8qZU3A8RIKbs3mrACDNeIOeilDymVb2HdmP8uwshOCF4uJ8uM9rCqJw==",
      "funding": {
        "url": "https://github.com/sponsors/colinhacks"
      }
    }
  }
}
